// !$*UTF8*$!
{
	archiveVersion = 1;
	classes = {
	};
	objectVersion = 56;
	objects = {

/* Begin PBXBuildFile section */
		46987B9C2B03F64800D640D5 /* SelectBoardScene.swift in Sources */ = {isa = PBXBuildFile; fileRef = 46987B9B2B03F64800D640D5 /* SelectBoardScene.swift */; };
		46987B9F2B03FCE200D640D5 /* move.mp3 in Resources */ = {isa = PBXBuildFile; fileRef = 46987B9D2B03FCE200D640D5 /* move.mp3 */; };
		46987BA02B03FCE200D640D5 /* tada.mp3 in Resources */ = {isa = PBXBuildFile; fileRef = 46987B9E2B03FCE200D640D5 /* tada.mp3 */; };
		46987BA22B03FE6E00D640D5 /* StartScene.swift in Sources */ = {isa = PBXBuildFile; fileRef = 46987BA12B03FE6E00D640D5 /* StartScene.swift */; };
		46987BA42B03FE9800D640D5 /* EndScene.swift in Sources */ = {isa = PBXBuildFile; fileRef = 46987BA32B03FE9800D640D5 /* EndScene.swift */; };
		46E14CBF2AFE6F8F00D9C9A2 /* AppDelegate.swift in Sources */ = {isa = PBXBuildFile; fileRef = 46E14CBE2AFE6F8F00D9C9A2 /* AppDelegate.swift */; };
		46E14CC52AFE6F8F00D9C9A2 /* GameScene.swift in Sources */ = {isa = PBXBuildFile; fileRef = 46E14CC42AFE6F8F00D9C9A2 /* GameScene.swift */; };
		46E14CC72AFE6F8F00D9C9A2 /* GameViewController.swift in Sources */ = {isa = PBXBuildFile; fileRef = 46E14CC62AFE6F8F00D9C9A2 /* GameViewController.swift */; };
		46E14CCA2AFE6F8F00D9C9A2 /* Main.storyboard in Resources */ = {isa = PBXBuildFile; fileRef = 46E14CC82AFE6F8F00D9C9A2 /* Main.storyboard */; };
		46E14CCC2AFE6F9000D9C9A2 /* Assets.xcassets in Resources */ = {isa = PBXBuildFile; fileRef = 46E14CCB2AFE6F9000D9C9A2 /* Assets.xcassets */; };
		46E14CCF2AFE6F9000D9C9A2 /* LaunchScreen.storyboard in Resources */ = {isa = PBXBuildFile; fileRef = 46E14CCD2AFE6F9000D9C9A2 /* LaunchScreen.storyboard */; };
/* End PBXBuildFile section */

/* Begin PBXFileReference section */
		46987B9B2B03F64800D640D5 /* SelectBoardScene.swift */ = {isa = PBXFileReference; lastKnownFileType = sourcecode.swift; path = SelectBoardScene.swift; sourceTree = "<group>"; };
		46987B9D2B03FCE200D640D5 /* move.mp3 */ = {isa = PBXFileReference; lastKnownFileType = audio.mp3; path = move.mp3; sourceTree = "<group>"; };
		46987B9E2B03FCE200D640D5 /* tada.mp3 */ = {isa = PBXFileReference; lastKnownFileType = audio.mp3; path = tada.mp3; sourceTree = "<group>"; };
		46987BA12B03FE6E00D640D5 /* StartScene.swift */ = {isa = PBXFileReference; lastKnownFileType = sourcecode.swift; path = StartScene.swift; sourceTree = "<group>"; };
		46987BA32B03FE9800D640D5 /* EndScene.swift */ = {isa = PBXFileReference; lastKnownFileType = sourcecode.swift; path = EndScene.swift; sourceTree = "<group>"; };
		46E14CBB2AFE6F8F00D9C9A2 /* Squiggles.app */ = {isa = PBXFileReference; explicitFileType = wrapper.application; includeInIndex = 0; path = Squiggles.app; sourceTree = BUILT_PRODUCTS_DIR; };
		46E14CBE2AFE6F8F00D9C9A2 /* AppDelegate.swift */ = {isa = PBXFileReference; lastKnownFileType = sourcecode.swift; path = AppDelegate.swift; sourceTree = "<group>"; };
		46E14CC42AFE6F8F00D9C9A2 /* GameScene.swift */ = {isa = PBXFileReference; lastKnownFileType = sourcecode.swift; path = GameScene.swift; sourceTree = "<group>"; };
		46E14CC62AFE6F8F00D9C9A2 /* GameViewController.swift */ = {isa = PBXFileReference; lastKnownFileType = sourcecode.swift; path = GameViewController.swift; sourceTree = "<group>"; };
		46E14CC92AFE6F8F00D9C9A2 /* Base */ = {isa = PBXFileReference; lastKnownFileType = file.storyboard; name = Base; path = Base.lproj/Main.storyboard; sourceTree = "<group>"; };
		46E14CCB2AFE6F9000D9C9A2 /* Assets.xcassets */ = {isa = PBXFileReference; lastKnownFileType = folder.assetcatalog; path = Assets.xcassets; sourceTree = "<group>"; };
		46E14CCE2AFE6F9000D9C9A2 /* Base */ = {isa = PBXFileReference; lastKnownFileType = file.storyboard; name = Base; path = Base.lproj/LaunchScreen.storyboard; sourceTree = "<group>"; };
		46E14CD52AFE752C00D9C9A2 /* Squiggles.entitlements */ = {isa = PBXFileReference; lastKnownFileType = text.plist.entitlements; path = Squiggles.entitlements; sourceTree = "<group>"; };
/* End PBXFileReference section */

/* Begin PBXFrameworksBuildPhase section */
		46E14CB82AFE6F8F00D9C9A2 /* Frameworks */ = {
			isa = PBXFrameworksBuildPhase;
			buildActionMask = 2147483647;
			files = (
			);
			runOnlyForDeploymentPostprocessing = 0;
		};
/* End PBXFrameworksBuildPhase section */

/* Begin PBXGroup section */
		46E14CB22AFE6F8F00D9C9A2 = {
			isa = PBXGroup;
			children = (
				46E14CBD2AFE6F8F00D9C9A2 /* Squiggles */,
				46E14CBC2AFE6F8F00D9C9A2 /* Products */,
			);
			sourceTree = "<group>";
		};
		46E14CBC2AFE6F8F00D9C9A2 /* Products */ = {
			isa = PBXGroup;
			children = (
				46E14CBB2AFE6F8F00D9C9A2 /* Squiggles.app */,
			);
			name = Products;
			sourceTree = "<group>";
		};
		46E14CBD2AFE6F8F00D9C9A2 /* Squiggles */ = {
			isa = PBXGroup;
			children = (
				46E14CD52AFE752C00D9C9A2 /* Squiggles.entitlements */,
				46E14CBE2AFE6F8F00D9C9A2 /* AppDelegate.swift */,
				46987BA12B03FE6E00D640D5 /* StartScene.swift */,
				46987BA32B03FE9800D640D5 /* EndScene.swift */,
				46987B9B2B03F64800D640D5 /* SelectBoardScene.swift */,
				46E14CC42AFE6F8F00D9C9A2 /* GameScene.swift */,
				46E14CC62AFE6F8F00D9C9A2 /* GameViewController.swift */,
				46E14CC82AFE6F8F00D9C9A2 /* Main.storyboard */,
				46E14CCB2AFE6F9000D9C9A2 /* Assets.xcassets */,
				46987B9D2B03FCE200D640D5 /* move.mp3 */,
				46987B9E2B03FCE200D640D5 /* tada.mp3 */,
				46E14CCD2AFE6F9000D9C9A2 /* LaunchScreen.storyboard */,
			);
			path = Squiggles;
			sourceTree = "<group>";
		};
/* End PBXGroup section */

/* Begin PBXNativeTarget section */
		46E14CBA2AFE6F8F00D9C9A2 /* Squiggles */ = {
			isa = PBXNativeTarget;
			buildConfigurationList = 46E14CD22AFE6F9000D9C9A2 /* Build configuration list for PBXNativeTarget "Squiggles" */;
			buildPhases = (
				46E14CB72AFE6F8F00D9C9A2 /* Sources */,
				46E14CB82AFE6F8F00D9C9A2 /* Frameworks */,
				46E14CB92AFE6F8F00D9C9A2 /* Resources */,
			);
			buildRules = (
			);
			dependencies = (
			);
			name = Squiggles;
			productName = Squiggles;
			productReference = 46E14CBB2AFE6F8F00D9C9A2 /* Squiggles.app */;
			productType = "com.apple.product-type.application";
		};
/* End PBXNativeTarget section */

/* Begin PBXProject section */
		46E14CB32AFE6F8F00D9C9A2 /* Project object */ = {
			isa = PBXProject;
			attributes = {
				BuildIndependentTargetsInParallel = 1;
				LastSwiftUpdateCheck = 1500;
				LastUpgradeCheck = 1500;
				TargetAttributes = {
					46E14CBA2AFE6F8F00D9C9A2 = {
						CreatedOnToolsVersion = 15.0.1;
					};
				};
			};
			buildConfigurationList = 46E14CB62AFE6F8F00D9C9A2 /* Build configuration list for PBXProject "Squiggles" */;
			compatibilityVersion = "Xcode 14.0";
			developmentRegion = en;
			hasScannedForEncodings = 0;
			knownRegions = (
				en,
				Base,
			);
			mainGroup = 46E14CB22AFE6F8F00D9C9A2;
			productRefGroup = 46E14CBC2AFE6F8F00D9C9A2 /* Products */;
			projectDirPath = "";
			projectRoot = "";
			targets = (
				46E14CBA2AFE6F8F00D9C9A2 /* Squiggles */,
			);
		};
/* End PBXProject section */

/* Begin PBXResourcesBuildPhase section */
		46E14CB92AFE6F8F00D9C9A2 /* Resources */ = {
			isa = PBXResourcesBuildPhase;
			buildActionMask = 2147483647;
			files = (
				46E14CCA2AFE6F8F00D9C9A2 /* Main.storyboard in Resources */,
				46987BA02B03FCE200D640D5 /* tada.mp3 in Resources */,
				46987B9F2B03FCE200D640D5 /* move.mp3 in Resources */,
				46E14CCC2AFE6F9000D9C9A2 /* Assets.xcassets in Resources */,
				46E14CCF2AFE6F9000D9C9A2 /* LaunchScreen.storyboard in Resources */,
			);
			runOnlyForDeploymentPostprocessing = 0;
		};
/* End PBXResourcesBuildPhase section */

/* Begin PBXSourcesBuildPhase section */
		46E14CB72AFE6F8F00D9C9A2 /* Sources */ = {
			isa = PBXSourcesBuildPhase;
			buildActionMask = 2147483647;
			files = (
				46987BA42B03FE9800D640D5 /* EndScene.swift in Sources */,
				46E14CC52AFE6F8F00D9C9A2 /* GameScene.swift in Sources */,
				46E14CC72AFE6F8F00D9C9A2 /* GameViewController.swift in Sources */,
				46E14CBF2AFE6F8F00D9C9A2 /* AppDelegate.swift in Sources */,
				46987BA22B03FE6E00D640D5 /* StartScene.swift in Sources */,
				46987B9C2B03F64800D640D5 /* SelectBoardScene.swift in Sources */,
			);
			runOnlyForDeploymentPostprocessing = 0;
		};
/* End PBXSourcesBuildPhase section */

/* Begin PBXVariantGroup section */
		46E14CC82AFE6F8F00D9C9A2 /* Main.storyboard */ = {
			isa = PBXVariantGroup;
			children = (
				46E14CC92AFE6F8F00D9C9A2 /* Base */,
			);
			name = Main.storyboard;
			sourceTree = "<group>";
		};
		46E14CCD2AFE6F9000D9C9A2 /* LaunchScreen.storyboard */ = {
			isa = PBXVariantGroup;
			children = (
				46E14CCE2AFE6F9000D9C9A2 /* Base */,
			);
			name = LaunchScreen.storyboard;
			sourceTree = "<group>";
		};
/* End PBXVariantGroup section */

/* Begin XCBuildConfiguration section */
		46E14CD02AFE6F9000D9C9A2 /* Debug */ = {
			isa = XCBuildConfiguration;
			buildSettings = {
				ALWAYS_SEARCH_USER_PATHS = NO;
				ASSETCATALOG_COMPILER_GENERATE_SWIFT_ASSET_SYMBOL_EXTENSIONS = YES;
				CLANG_ANALYZER_NONNULL = YES;
				CLANG_ANALYZER_NUMBER_OBJECT_CONVERSION = YES_AGGRESSIVE;
				CLANG_CXX_LANGUAGE_STANDARD = "gnu++20";
				CLANG_ENABLE_MODULES = YES;
				CLANG_ENABLE_OBJC_ARC = YES;
				CLANG_ENABLE_OBJC_WEAK = YES;
				CLANG_WARN_BLOCK_CAPTURE_AUTORELEASING = YES;
				CLANG_WARN_BOOL_CONVERSION = YES;
				CLANG_WARN_COMMA = YES;
				CLANG_WARN_CONSTANT_CONVERSION = YES;
				CLANG_WARN_DEPRECATED_OBJC_IMPLEMENTATIONS = YES;
				CLANG_WARN_DIRECT_OBJC_ISA_USAGE = YES_ERROR;
				CLANG_WARN_DOCUMENTATION_COMMENTS = YES;
				CLANG_WARN_EMPTY_BODY = YES;
				CLANG_WARN_ENUM_CONVERSION = YES;
				CLANG_WARN_INFINITE_RECURSION = YES;
				CLANG_WARN_INT_CONVERSION = YES;
				CLANG_WARN_NON_LITERAL_NULL_CONVERSION = YES;
				CLANG_WARN_OBJC_IMPLICIT_RETAIN_SELF = YES;
				CLANG_WARN_OBJC_LITERAL_CONVERSION = YES;
				CLANG_WARN_OBJC_ROOT_CLASS = YES_ERROR;
				CLANG_WARN_QUOTED_INCLUDE_IN_FRAMEWORK_HEADER = YES;
				CLANG_WARN_RANGE_LOOP_ANALYSIS = YES;
				CLANG_WARN_STRICT_PROTOTYPES = YES;
				CLANG_WARN_SUSPICIOUS_MOVE = YES;
				CLANG_WARN_UNGUARDED_AVAILABILITY = YES_AGGRESSIVE;
				CLANG_WARN_UNREACHABLE_CODE = YES;
				CLANG_WARN__DUPLICATE_METHOD_MATCH = YES;
				COPY_PHASE_STRIP = NO;
				DEBUG_INFORMATION_FORMAT = dwarf;
				ENABLE_STRICT_OBJC_MSGSEND = YES;
				ENABLE_TESTABILITY = YES;
				ENABLE_USER_SCRIPT_SANDBOXING = YES;
				GCC_C_LANGUAGE_STANDARD = gnu17;
				GCC_DYNAMIC_NO_PIC = NO;
				GCC_NO_COMMON_BLOCKS = YES;
				GCC_OPTIMIZATION_LEVEL = 0;
				GCC_PREPROCESSOR_DEFINITIONS = (
					"DEBUG=1",
					"$(inherited)",
				);
				GCC_WARN_64_TO_32_BIT_CONVERSION = YES;
				GCC_WARN_ABOUT_RETURN_TYPE = YES_ERROR;
				GCC_WARN_UNDECLARED_SELECTOR = YES;
				GCC_WARN_UNINITIALIZED_AUTOS = YES_AGGRESSIVE;
				GCC_WARN_UNUSED_FUNCTION = YES;
				GCC_WARN_UNUSED_VARIABLE = YES;
				IPHONEOS_DEPLOYMENT_TARGET = 17.0;
				LOCALIZATION_PREFERS_STRING_CATALOGS = YES;
				MTL_ENABLE_DEBUG_INFO = INCLUDE_SOURCE;
				MTL_FAST_MATH = YES;
				ONLY_ACTIVE_ARCH = YES;
				SDKROOT = iphoneos;
				SWIFT_ACTIVE_COMPILATION_CONDITIONS = "DEBUG $(inherited)";
				SWIFT_OPTIMIZATION_LEVEL = "-Onone";
			};
			name = Debug;
		};
		46E14CD12AFE6F9000D9C9A2 /* Release */ = {
			isa = XCBuildConfiguration;
			buildSettings = {
				ALWAYS_SEARCH_USER_PATHS = NO;
				ASSETCATALOG_COMPILER_GENERATE_SWIFT_ASSET_SYMBOL_EXTENSIONS = YES;
				CLANG_ANALYZER_NONNULL = YES;
				CLANG_ANALYZER_NUMBER_OBJECT_CONVERSION = YES_AGGRESSIVE;
				CLANG_CXX_LANGUAGE_STANDARD = "gnu++20";
				CLANG_ENABLE_MODULES = YES;
				CLANG_ENABLE_OBJC_ARC = YES;
				CLANG_ENABLE_OBJC_WEAK = YES;
				CLANG_WARN_BLOCK_CAPTURE_AUTORELEASING = YES;
				CLANG_WARN_BOOL_CONVERSION = YES;
				CLANG_WARN_COMMA = YES;
				CLANG_WARN_CONSTANT_CONVERSION = YES;
				CLANG_WARN_DEPRECATED_OBJC_IMPLEMENTATIONS = YES;
				CLANG_WARN_DIRECT_OBJC_ISA_USAGE = YES_ERROR;
				CLANG_WARN_DOCUMENTATION_COMMENTS = YES;
				CLANG_WARN_EMPTY_BODY = YES;
				CLANG_WARN_ENUM_CONVERSION = YES;
				CLANG_WARN_INFINITE_RECURSION = YES;
				CLANG_WARN_INT_CONVERSION = YES;
				CLANG_WARN_NON_LITERAL_NULL_CONVERSION = YES;
				CLANG_WARN_OBJC_IMPLICIT_RETAIN_SELF = YES;
				CLANG_WARN_OBJC_LITERAL_CONVERSION = YES;
				CLANG_WARN_OBJC_ROOT_CLASS = YES_ERROR;
				CLANG_WARN_QUOTED_INCLUDE_IN_FRAMEWORK_HEADER = YES;
				CLANG_WARN_RANGE_LOOP_ANALYSIS = YES;
				CLANG_WARN_STRICT_PROTOTYPES = YES;
				CLANG_WARN_SUSPICIOUS_MOVE = YES;
				CLANG_WARN_UNGUARDED_AVAILABILITY = YES_AGGRESSIVE;
				CLANG_WARN_UNREACHABLE_CODE = YES;
				CLANG_WARN__DUPLICATE_METHOD_MATCH = YES;
				COPY_PHASE_STRIP = NO;
				DEBUG_INFORMATION_FORMAT = "dwarf-with-dsym";
				ENABLE_NS_ASSERTIONS = NO;
				ENABLE_STRICT_OBJC_MSGSEND = YES;
				ENABLE_USER_SCRIPT_SANDBOXING = YES;
				GCC_C_LANGUAGE_STANDARD = gnu17;
				GCC_NO_COMMON_BLOCKS = YES;
				GCC_WARN_64_TO_32_BIT_CONVERSION = YES;
				GCC_WARN_ABOUT_RETURN_TYPE = YES_ERROR;
				GCC_WARN_UNDECLARED_SELECTOR = YES;
				GCC_WARN_UNINITIALIZED_AUTOS = YES_AGGRESSIVE;
				GCC_WARN_UNUSED_FUNCTION = YES;
				GCC_WARN_UNUSED_VARIABLE = YES;
				IPHONEOS_DEPLOYMENT_TARGET = 17.0;
				LOCALIZATION_PREFERS_STRING_CATALOGS = YES;
				MTL_ENABLE_DEBUG_INFO = NO;
				MTL_FAST_MATH = YES;
				SDKROOT = iphoneos;
				SWIFT_COMPILATION_MODE = wholemodule;
				VALIDATE_PRODUCT = YES;
			};
			name = Release;
		};
		46E14CD32AFE6F9000D9C9A2 /* Debug */ = {
			isa = XCBuildConfiguration;
			buildSettings = {
				ASSETCATALOG_COMPILER_APPICON_NAME = AppIcon;
				ASSETCATALOG_COMPILER_GLOBAL_ACCENT_COLOR_NAME = AccentColor;
				CODE_SIGN_ENTITLEMENTS = Squiggles/Squiggles.entitlements;
				CODE_SIGN_STYLE = Automatic;
				CURRENT_PROJECT_VERSION = 1;
				DEVELOPMENT_TEAM = 4P87YA35TA;
				GENERATE_INFOPLIST_FILE = YES;
				INFOPLIST_KEY_LSApplicationCategoryType = "public.app-category.puzzle-games";
				INFOPLIST_KEY_UIApplicationSupportsIndirectInputEvents = YES;
				INFOPLIST_KEY_UILaunchStoryboardName = LaunchScreen;
				INFOPLIST_KEY_UIMainStoryboardFile = Main;
				INFOPLIST_KEY_UIRequiresFullScreen = YES;
				INFOPLIST_KEY_UIStatusBarHidden = YES;
				INFOPLIST_KEY_UISupportedInterfaceOrientations = UIInterfaceOrientationPortrait;
				IPHONEOS_DEPLOYMENT_TARGET = 17.0;
				LD_RUNPATH_SEARCH_PATHS = (
					"$(inherited)",
					"@executable_path/Frameworks",
				);
				MARKETING_VERSION = 2.0;
				PRODUCT_BUNDLE_IDENTIFIER = com.alexanderresnik.squiggles;
				PRODUCT_NAME = "$(TARGET_NAME)";
				SWIFT_EMIT_LOC_STRINGS = YES;
				SWIFT_VERSION = 5.0;
				TARGETED_DEVICE_FAMILY = "1,2";
			};
			name = Debug;
		};
		46E14CD42AFE6F9000D9C9A2 /* Release */ = {
			isa = XCBuildConfiguration;
			buildSettings = {
				ASSETCATALOG_COMPILER_APPICON_NAME = AppIcon;
				ASSETCATALOG_COMPILER_GLOBAL_ACCENT_COLOR_NAME = AccentColor;
				CODE_SIGN_ENTITLEMENTS = Squiggles/Squiggles.entitlements;
				CODE_SIGN_STYLE = Automatic;
				CURRENT_PROJECT_VERSION = 1;
				DEVELOPMENT_TEAM = 4P87YA35TA;
				GENERATE_INFOPLIST_FILE = YES;
				INFOPLIST_KEY_LSApplicationCategoryType = "public.app-category.puzzle-games";
				INFOPLIST_KEY_UIApplicationSupportsIndirectInputEvents = YES;
				INFOPLIST_KEY_UILaunchStoryboardName = LaunchScreen;
				INFOPLIST_KEY_UIMainStoryboardFile = Main;
				INFOPLIST_KEY_UIRequiresFullScreen = YES;
				INFOPLIST_KEY_UIStatusBarHidden = YES;
				INFOPLIST_KEY_UISupportedInterfaceOrientations = UIInterfaceOrientationPortrait;
				IPHONEOS_DEPLOYMENT_TARGET = 17.0;
				LD_RUNPATH_SEARCH_PATHS = (
					"$(inherited)",
					"@executable_path/Frameworks",
				);
				MARKETING_VERSION = 2.0;
				PRODUCT_BUNDLE_IDENTIFIER = com.alexanderresnik.squiggles;
				PRODUCT_NAME = "$(TARGET_NAME)";
				SWIFT_EMIT_LOC_STRINGS = YES;
				SWIFT_VERSION = 5.0;
				TARGETED_DEVICE_FAMILY = "1,2";
			};
			name = Release;
		};
/* End XCBuildConfiguration section */

/* Begin XCConfigurationList section */
		46E14CB62AFE6F8F00D9C9A2 /* Build configuration list for PBXProject "Squiggles" */ = {
			isa = XCConfigurationList;
			buildConfigurations = (
				46E14CD02AFE6F9000D9C9A2 /* Debug */,
				46E14CD12AFE6F9000D9C9A2 /* Release */,
			);
			defaultConfigurationIsVisible = 0;
			defaultConfigurationName = Release;
		};
		46E14CD22AFE6F9000D9C9A2 /* Build configuration list for PBXNativeTarget "Squiggles" */ = {
			isa = XCConfigurationList;
			buildConfigurations = (
				46E14CD32AFE6F9000D9C9A2 /* Debug */,
				46E14CD42AFE6F9000D9C9A2 /* Release */,
			);
			defaultConfigurationIsVisible = 0;
			defaultConfigurationName = Release;
		};
/* End XCConfigurationList section */
	};
	rootObject = 46E14CB32AFE6F8F00D9C9A2 /* Project object */;
}
